
Microsoft Visual Studio Solution File, Format Version 12.00
# Visual Studio Version 17
VisualStudioVersion = 17.0.32126.317
MinimumVisualStudioVersion = 10.0.40219.1
Project("{FAE04EC0-301F-11D3-BF4B-00C04F79EFBC}") = "Porj_Andre_Arlines", "Porj_Andre_Arlines\Porj_Andre_Arlines.csproj", "{A07DD425-3526-4CCC-A5C8-43599BCE0C5A}"
EndProject
Project("{FAE04EC0-301F-11D3-BF4B-00C04F79EFBC}") = "Model", "Model\Model.csproj", "{1550DC61-5DB3-4244-8373-0685FC9BB769}"
EndProject
Project("{FAE04EC0-301F-11D3-BF4B-00C04F79EFBC}") = "File", "File\File.csproj", "{F91F7FF4-7E76-4E74-BA25-E6746BA8615D}"
EndProject
Project("{FAE04EC0-301F-11D3-BF4B-00C04F79EFBC}") = "Data", "Data\Data.csproj", "{CD41E2E3-7FCE-464C-8044-100FCB63001D}"
EndProject
Global
	GlobalSection(SolutionConfigurationPlatforms) = preSolution
		Debug|Any CPU = Debug|Any CPU
		Release|Any CPU = Release|Any CPU
	EndGlobalSection
	GlobalSection(ProjectConfigurationPlatforms) = postSolution
		{A07DD425-3526-4CCC-A5C8-43599BCE0C5A}.Debug|Any CPU.ActiveCfg = Debug|Any CPU
		{A07DD425-3526-4CCC-A5C8-43599BCE0C5A}.Debug|Any CPU.Build.0 = Debug|Any CPU
		{A07DD425-3526-4CCC-A5C8-43599BCE0C5A}.Release|Any CPU.ActiveCfg = Release|Any CPU
		{A07DD425-3526-4CCC-A5C8-43599BCE0C5A}.Release|Any CPU.Build.0 = Release|Any CPU
		{1550DC61-5DB3-4244-8373-0685FC9BB769}.Debug|Any CPU.ActiveCfg = Debug|Any CPU
		{1550DC61-5DB3-4244-8373-0685FC9BB769}.Debug|Any CPU.Build.0 = Debug|Any CPU
		{1550DC61-5DB3-4244-8373-0685FC9BB769}.Release|Any CPU.ActiveCfg = Release|Any CPU
		{1550DC61-5DB3-4244-8373-0685FC9BB769}.Release|Any CPU.Build.0 = Release|Any CPU
		{F91F7FF4-7E76-4E74-BA25-E6746BA8615D}.Debug|Any CPU.ActiveCfg = Debug|Any CPU
		{F91F7FF4-7E76-4E74-BA25-E6746BA8615D}.Debug|Any CPU.Build.0 = Debug|Any CPU
		{F91F7FF4-7E76-4E74-BA25-E6746BA8615D}.Release|Any CPU.ActiveCfg = Release|Any CPU
		{F91F7FF4-7E76-4E74-BA25-E6746BA8615D}.Release|Any CPU.Build.0 = Release|Any CPU
		{CD41E2E3-7FCE-464C-8044-100FCB63001D}.Debug|Any CPU.ActiveCfg = Debug|Any CPU
		{CD41E2E3-7FCE-464C-8044-100FCB63001D}.Debug|Any CPU.Build.0 = Debug|Any CPU
		{CD41E2E3-7FCE-464C-8044-100FCB63001D}.Release|Any CPU.ActiveCfg = Release|Any CPU
		{CD41E2E3-7FCE-464C-8044-100FCB63001D}.Release|Any CPU.Build.0 = Release|Any CPU
	EndGlobalSection
	GlobalSection(SolutionProperties) = preSolution
		HideSolutionNode = FALSE
	EndGlobalSection
	GlobalSection(ExtensibilityGlobals) = postSolution
		SolutionGuid = {52E756E1-F01E-4870-82B3-1DDD7BD89DF3}
	EndGlobalSection
EndGlobal
